
Microsoft Visual Studio Solution File, Format Version 12.00
# Visual Studio Version 16
VisualStudioVersion = 16.0.29424.173
MinimumVisualStudioVersion = 10.0.40219.1
Project("{9A19103F-16F7-4668-BE54-9A1E7A4F7556}") = "Json_File_Maker", "Json_File_Maker.csproj", "{7015D7A9-4A79-403C-9068-DEF015CEC6F1}"
EndProject
Project("{FAE04EC0-301F-11D3-BF4B-00C04F79EFBC}") = "testJson", "..\testJson\testJson.csproj", "{0DC278BB-8E6B-4DFB-B703-52CC7260C324}"
EndProject
Global
	GlobalSection(SolutionConfigurationPlatforms) = preSolution
		Debug|Any CPU = Debug|Any CPU
		Release|Any CPU = Release|Any CPU
	EndGlobalSection
	GlobalSection(ProjectConfigurationPlatforms) = postSolution
		{7015D7A9-4A79-403C-9068-DEF015CEC6F1}.Debug|Any CPU.ActiveCfg = Debug|Any CPU
		{7015D7A9-4A79-403C-9068-DEF015CEC6F1}.Debug|Any CPU.Build.0 = Debug|Any CPU
		{7015D7A9-4A79-403C-9068-DEF015CEC6F1}.Release|Any CPU.ActiveCfg = Release|Any CPU
		{7015D7A9-4A79-403C-9068-DEF015CEC6F1}.Release|Any CPU.Build.0 = Release|Any CPU
		{0DC278BB-8E6B-4DFB-B703-52CC7260C324}.Debug|Any CPU.ActiveCfg = Debug|Any CPU
		{0DC278BB-8E6B-4DFB-B703-52CC7260C324}.Debug|Any CPU.Build.0 = Debug|Any CPU
		{0DC278BB-8E6B-4DFB-B703-52CC7260C324}.Release|Any CPU.ActiveCfg = Release|Any CPU
		{0DC278BB-8E6B-4DFB-B703-52CC7260C324}.Release|Any CPU.Build.0 = Release|Any CPU
	EndGlobalSection
	GlobalSection(SolutionProperties) = preSolution
		HideSolutionNode = FALSE
	EndGlobalSection
	GlobalSection(ExtensibilityGlobals) = postSolution
		SolutionGuid = {2DA1A99C-F13A-44C2-A9F4-12384A1EB0BA}
	EndGlobalSection
EndGlobal
